
Microsoft Visual Studio Solution File, Format Version 12.00
# Visual Studio Version 17
VisualStudioVersion = 17.7.34031.279
MinimumVisualStudioVersion = 10.0.40219.1
Project("{9A19103F-16F7-4668-BE54-9A1E7A4F7556}") = "FluentApiDemo", "FluentApiDemo\FluentApiDemo.csproj", "{D701EB1C-3F16-4EE5-BE28-590E24D33B76}"
EndProject
Project("{2150E333-8FDC-42A3-9474-1A3956D46DE8}") = "Solution Items", "Solution Items", "{9B82E03D-57F3-4A15-AFF7-7C4A5E430D33}"
	ProjectSection(SolutionItems) = preProject
		.editorconfig = .editorconfig
	EndProjectSection
EndProject
Global
	GlobalSection(SolutionConfigurationPlatforms) = preSolution
		Debug|Any CPU = Debug|Any CPU
		Release|Any CPU = Release|Any CPU
	EndGlobalSection
	GlobalSection(ProjectConfigurationPlatforms) = postSolution
		{D701EB1C-3F16-4EE5-BE28-590E24D33B76}.Debug|Any CPU.ActiveCfg = Debug|Any CPU
		{D701EB1C-3F16-4EE5-BE28-590E24D33B76}.Debug|Any CPU.Build.0 = Debug|Any CPU
		{D701EB1C-3F16-4EE5-BE28-590E24D33B76}.Release|Any CPU.ActiveCfg = Release|Any CPU
		{D701EB1C-3F16-4EE5-BE28-590E24D33B76}.Release|Any CPU.Build.0 = Release|Any CPU
	EndGlobalSection
	GlobalSection(SolutionProperties) = preSolution
		HideSolutionNode = FALSE
	EndGlobalSection
	GlobalSection(ExtensibilityGlobals) = postSolution
		SolutionGuid = {9E061980-9812-4595-BA0A-5484E373580D}
	EndGlobalSection
EndGlobal
